// !$*UTF8*$!
{
	archiveVersion = 1;
	classes = {
	};
	objectVersion = 46;
	objects = {

/* Begin PBXBuildFile section */
		031377D71A435B5F00041A17 /* UIImageView+Async.swift in Sources */ = {isa = PBXBuildFile; fileRef = 031377D61A435B5F00041A17 /* UIImageView+Async.swift */; };
		031377D81A435CA400041A17 /* UIImageView+Async.swift in Sources */ = {isa = PBXBuildFile; fileRef = 031377D61A435B5F00041A17 /* UIImageView+Async.swift */; };
		03DA587E1A38BDCB00FDC046 /* AppDelegate.swift in Sources */ = {isa = PBXBuildFile; fileRef = 03DA587D1A38BDCB00FDC046 /* AppDelegate.swift */; };
		03DA58801A38BDCB00FDC046 /* ViewController.swift in Sources */ = {isa = PBXBuildFile; fileRef = 03DA587F1A38BDCB00FDC046 /* ViewController.swift */; };
		03DA58831A38BDCB00FDC046 /* Main.storyboard in Resources */ = {isa = PBXBuildFile; fileRef = 03DA58811A38BDCB00FDC046 /* Main.storyboard */; };
		03DA58851A38BDCB00FDC046 /* Images.xcassets in Resources */ = {isa = PBXBuildFile; fileRef = 03DA58841A38BDCB00FDC046 /* Images.xcassets */; };
		03DA58881A38BDCB00FDC046 /* LaunchScreen.xib in Resources */ = {isa = PBXBuildFile; fileRef = 03DA58861A38BDCB00FDC046 /* LaunchScreen.xib */; };
		03DA58941A38BDCB00FDC046 /* TopMoviesTests.swift in Sources */ = {isa = PBXBuildFile; fileRef = 03DA58931A38BDCB00FDC046 /* TopMoviesTests.swift */; };
		03DA589E1A38BFAE00FDC046 /* ViewModel.swift in Sources */ = {isa = PBXBuildFile; fileRef = 03DA589D1A38BFAE00FDC046 /* ViewModel.swift */; };
		03DA589F1A38BFAE00FDC046 /* ViewModel.swift in Sources */ = {isa = PBXBuildFile; fileRef = 03DA589D1A38BFAE00FDC046 /* ViewModel.swift */; };
		03DA58A11A38C0E000FDC046 /* MoviesClient.swift in Sources */ = {isa = PBXBuildFile; fileRef = 03DA58A01A38C0E000FDC046 /* MoviesClient.swift */; };
		03DA58A21A38C0E000FDC046 /* MoviesClient.swift in Sources */ = {isa = PBXBuildFile; fileRef = 03DA58A01A38C0E000FDC046 /* MoviesClient.swift */; };
		03EA86931A3B729C0025D3C7 /* Alamofire.framework in Copy Frameworks */ = {isa = PBXBuildFile; fileRef = 03EA868D1A3B71FA0025D3C7 /* Alamofire.framework */; settings = {ATTRIBUTES = (CodeSignOnCopy, RemoveHeadersOnCopy, ); }; };
		03EA86991A3B82EE0025D3C7 /* Movie.swift in Sources */ = {isa = PBXBuildFile; fileRef = 03EA86981A3B82EE0025D3C7 /* Movie.swift */; };
		03EA869A1A3B82EE0025D3C7 /* Movie.swift in Sources */ = {isa = PBXBuildFile; fileRef = 03EA86981A3B82EE0025D3C7 /* Movie.swift */; };
/* End PBXBuildFile section */

/* Begin PBXContainerItemProxy section */
		03DA588E1A38BDCB00FDC046 /* PBXContainerItemProxy */ = {
			isa = PBXContainerItemProxy;
			containerPortal = 03DA58701A38BDCB00FDC046 /* Project object */;
			proxyType = 1;
			remoteGlobalIDString = 03DA58771A38BDCB00FDC046;
			remoteInfo = TopMovies;
		};
		03EA868C1A3B71FA0025D3C7 /* PBXContainerItemProxy */ = {
			isa = PBXContainerItemProxy;
			containerPortal = 03EA86871A3B71FA0025D3C7 /* Alamofire.xcodeproj */;
			proxyType = 2;
			remoteGlobalIDString = F8111E3319A95C8B0040E7D1;
			remoteInfo = Alamofire;
		};
		03EA868E1A3B71FA0025D3C7 /* PBXContainerItemProxy */ = {
			isa = PBXContainerItemProxy;
			containerPortal = 03EA86871A3B71FA0025D3C7 /* Alamofire.xcodeproj */;
			proxyType = 2;
			remoteGlobalIDString = F8111E3E19A95C8B0040E7D1;
			remoteInfo = AlamofireTests;
		};
		03EA86901A3B72690025D3C7 /* PBXContainerItemProxy */ = {
			isa = PBXContainerItemProxy;
			containerPortal = 03EA86871A3B71FA0025D3C7 /* Alamofire.xcodeproj */;
			proxyType = 1;
			remoteGlobalIDString = F8111E3219A95C8B0040E7D1;
			remoteInfo = Alamofire;
		};
/* End PBXContainerItemProxy section */

/* Begin PBXCopyFilesBuildPhase section */
		03EA86921A3B72750025D3C7 /* Copy Frameworks */ = {
			isa = PBXCopyFilesBuildPhase;
			buildActionMask = 2147483647;
			dstPath = "";
			dstSubfolderSpec = 10;
			files = (
				03EA86931A3B729C0025D3C7 /* Alamofire.framework in Copy Frameworks */,
			);
			name = "Copy Frameworks";
			runOnlyForDeploymentPostprocessing = 0;
		};
/* End PBXCopyFilesBuildPhase section */

/* Begin PBXFileReference section */
		031377D61A435B5F00041A17 /* UIImageView+Async.swift */ = {isa = PBXFileReference; fileEncoding = 4; lastKnownFileType = sourcecode.swift; path = "UIImageView+Async.swift"; sourceTree = "<group>"; };
		03DA58781A38BDCB00FDC046 /* TopMovies.app */ = {isa = PBXFileReference; explicitFileType = wrapper.application; includeInIndex = 0; path = TopMovies.app; sourceTree = BUILT_PRODUCTS_DIR; };
		03DA587C1A38BDCB00FDC046 /* Info.plist */ = {isa = PBXFileReference; lastKnownFileType = text.plist.xml; path = Info.plist; sourceTree = "<group>"; };
		03DA587D1A38BDCB00FDC046 /* AppDelegate.swift */ = {isa = PBXFileReference; lastKnownFileType = sourcecode.swift; path = AppDelegate.swift; sourceTree = "<group>"; };
		03DA587F1A38BDCB00FDC046 /* ViewController.swift */ = {isa = PBXFileReference; lastKnownFileType = sourcecode.swift; path = ViewController.swift; sourceTree = "<group>"; };
		03DA58821A38BDCB00FDC046 /* Base */ = {isa = PBXFileReference; lastKnownFileType = file.storyboard; name = Base; path = Base.lproj/Main.storyboard; sourceTree = "<group>"; };
		03DA58841A38BDCB00FDC046 /* Images.xcassets */ = {isa = PBXFileReference; lastKnownFileType = folder.assetcatalog; path = Images.xcassets; sourceTree = "<group>"; };
		03DA58871A38BDCB00FDC046 /* Base */ = {isa = PBXFileReference; lastKnownFileType = file.xib; name = Base; path = Base.lproj/LaunchScreen.xib; sourceTree = "<group>"; };
		03DA588D1A38BDCB00FDC046 /* TopMoviesTests.xctest */ = {isa = PBXFileReference; explicitFileType = wrapper.cfbundle; includeInIndex = 0; path = TopMoviesTests.xctest; sourceTree = BUILT_PRODUCTS_DIR; };
		03DA58921A38BDCB00FDC046 /* Info.plist */ = {isa = PBXFileReference; lastKnownFileType = text.plist.xml; path = Info.plist; sourceTree = "<group>"; };
		03DA58931A38BDCB00FDC046 /* TopMoviesTests.swift */ = {isa = PBXFileReference; lastKnownFileType = sourcecode.swift; path = TopMoviesTests.swift; sourceTree = "<group>"; };
		03DA589D1A38BFAE00FDC046 /* ViewModel.swift */ = {isa = PBXFileReference; fileEncoding = 4; lastKnownFileType = sourcecode.swift; path = ViewModel.swift; sourceTree = "<group>"; };
		03DA58A01A38C0E000FDC046 /* MoviesClient.swift */ = {isa = PBXFileReference; fileEncoding = 4; lastKnownFileType = sourcecode.swift; path = MoviesClient.swift; sourceTree = "<group>"; };
		03EA86871A3B71FA0025D3C7 /* Alamofire.xcodeproj */ = {isa = PBXFileReference; lastKnownFileType = "wrapper.pb-project"; name = Alamofire.xcodeproj; path = Alamofire/Alamofire.xcodeproj; sourceTree = "<group>"; };
		03EA86981A3B82EE0025D3C7 /* Movie.swift */ = {isa = PBXFileReference; fileEncoding = 4; lastKnownFileType = sourcecode.swift; path = Movie.swift; sourceTree = "<group>"; };
/* End PBXFileReference section */

/* Begin PBXFrameworksBuildPhase section */
		03DA58751A38BDCB00FDC046 /* Frameworks */ = {
			isa = PBXFrameworksBuildPhase;
			buildActionMask = 2147483647;
			files = (
			);
			runOnlyForDeploymentPostprocessing = 0;
		};
		03DA588A1A38BDCB00FDC046 /* Frameworks */ = {
			isa = PBXFrameworksBuildPhase;
			buildActionMask = 2147483647;
			files = (
			);
			runOnlyForDeploymentPostprocessing = 0;
		};
/* End PBXFrameworksBuildPhase section */

/* Begin PBXGroup section */
		03DA586F1A38BDCB00FDC046 = {
			isa = PBXGroup;
			children = (
				03DA587A1A38BDCB00FDC046 /* TopMovies */,
				03DA58901A38BDCB00FDC046 /* TopMoviesTests */,
				03EA86861A3B6ECF0025D3C7 /* Frameworks */,
				03DA58791A38BDCB00FDC046 /* Products */,
			);
			sourceTree = "<group>";
		};
		03DA58791A38BDCB00FDC046 /* Products */ = {
			isa = PBXGroup;
			children = (
				03DA58781A38BDCB00FDC046 /* TopMovies.app */,
				03DA588D1A38BDCB00FDC046 /* TopMoviesTests.xctest */,
			);
			name = Products;
			sourceTree = "<group>";
		};
		03DA587A1A38BDCB00FDC046 /* TopMovies */ = {
			isa = PBXGroup;
			children = (
				03DA587D1A38BDCB00FDC046 /* AppDelegate.swift */,
				03DA587F1A38BDCB00FDC046 /* ViewController.swift */,
				03DA589D1A38BFAE00FDC046 /* ViewModel.swift */,
				03DA58A01A38C0E000FDC046 /* MoviesClient.swift */,
				03EA86981A3B82EE0025D3C7 /* Movie.swift */,
				03DA58811A38BDCB00FDC046 /* Main.storyboard */,
				03DA58841A38BDCB00FDC046 /* Images.xcassets */,
				03DA58861A38BDCB00FDC046 /* LaunchScreen.xib */,
				03DA587B1A38BDCB00FDC046 /* Supporting Files */,
				031377D61A435B5F00041A17 /* UIImageView+Async.swift */,
			);
			path = TopMovies;
			sourceTree = "<group>";
		};
		03DA587B1A38BDCB00FDC046 /* Supporting Files */ = {
			isa = PBXGroup;
			children = (
				03DA587C1A38BDCB00FDC046 /* Info.plist */,
			);
			name = "Supporting Files";
			sourceTree = "<group>";
		};
		03DA58901A38BDCB00FDC046 /* TopMoviesTests */ = {
			isa = PBXGroup;
			children = (
				03DA58931A38BDCB00FDC046 /* TopMoviesTests.swift */,
				03DA58911A38BDCB00FDC046 /* Supporting Files */,
			);
			path = TopMoviesTests;
			sourceTree = "<group>";
		};
		03DA58911A38BDCB00FDC046 /* Supporting Files */ = {
			isa = PBXGroup;
			children = (
				03DA58921A38BDCB00FDC046 /* Info.plist */,
			);
			name = "Supporting Files";
			sourceTree = "<group>";
		};
		03EA86861A3B6ECF0025D3C7 /* Frameworks */ = {
			isa = PBXGroup;
			children = (
				03EA86871A3B71FA0025D3C7 /* Alamofire.xcodeproj */,
			);
			name = Frameworks;
			sourceTree = "<group>";
		};
		03EA86881A3B71FA0025D3C7 /* Products */ = {
			isa = PBXGroup;
			children = (
				03EA868D1A3B71FA0025D3C7 /* Alamofire.framework */,
				03EA868F1A3B71FA0025D3C7 /* AlamofireTests.xctest */,
			);
			name = Products;
			sourceTree = "<group>";
		};
/* End PBXGroup section */

/* Begin PBXNativeTarget section */
		03DA58771A38BDCB00FDC046 /* TopMovies */ = {
			isa = PBXNativeTarget;
			buildConfigurationList = 03DA58971A38BDCB00FDC046 /* Build configuration list for PBXNativeTarget "TopMovies" */;
			buildPhases = (
				03DA58741A38BDCB00FDC046 /* Sources */,
				03DA58751A38BDCB00FDC046 /* Frameworks */,
				03DA58761A38BDCB00FDC046 /* Resources */,
				03EA86921A3B72750025D3C7 /* Copy Frameworks */,
			);
			buildRules = (
			);
			dependencies = (
				03EA86911A3B72690025D3C7 /* PBXTargetDependency */,
			);
			name = TopMovies;
			productName = TopMovies;
			productReference = 03DA58781A38BDCB00FDC046 /* TopMovies.app */;
			productType = "com.apple.product-type.application";
		};
		03DA588C1A38BDCB00FDC046 /* TopMoviesTests */ = {
			isa = PBXNativeTarget;
			buildConfigurationList = 03DA589A1A38BDCB00FDC046 /* Build configuration list for PBXNativeTarget "TopMoviesTests" */;
			buildPhases = (
				03DA58891A38BDCB00FDC046 /* Sources */,
				03DA588A1A38BDCB00FDC046 /* Frameworks */,
				03DA588B1A38BDCB00FDC046 /* Resources */,
			);
			buildRules = (
			);
			dependencies = (
				03DA588F1A38BDCB00FDC046 /* PBXTargetDependency */,
			);
			name = TopMoviesTests;
			productName = TopMoviesTests;
			productReference = 03DA588D1A38BDCB00FDC046 /* TopMoviesTests.xctest */;
			productType = "com.apple.product-type.bundle.unit-test";
		};
/* End PBXNativeTarget section */

/* Begin PBXProject section */
		03DA58701A38BDCB00FDC046 /* Project object */ = {
			isa = PBXProject;
			attributes = {
				LastUpgradeCheck = 0610;
				ORGANIZATIONNAME = "Roadfire Software";
				TargetAttributes = {
					03DA58771A38BDCB00FDC046 = {
						CreatedOnToolsVersion = 6.1.1;
					};
					03DA588C1A38BDCB00FDC046 = {
						CreatedOnToolsVersion = 6.1.1;
						TestTargetID = 03DA58771A38BDCB00FDC046;
					};
				};
			};
			buildConfigurationList = 03DA58731A38BDCB00FDC046 /* Build configuration list for PBXProject "TopMovies" */;
			compatibilityVersion = "Xcode 3.2";
			developmentRegion = English;
			hasScannedForEncodings = 0;
			knownRegions = (
				en,
				Base,
			);
			mainGroup = 03DA586F1A38BDCB00FDC046;
			productRefGroup = 03DA58791A38BDCB00FDC046 /* Products */;
			projectDirPath = "";
			projectReferences = (
				{
					ProductGroup = 03EA86881A3B71FA0025D3C7 /* Products */;
					ProjectRef = 03EA86871A3B71FA0025D3C7 /* Alamofire.xcodeproj */;
				},
			);
			projectRoot = "";
			targets = (
				03DA58771A38BDCB00FDC046 /* TopMovies */,
				03DA588C1A38BDCB00FDC046 /* TopMoviesTests */,
			);
		};
/* End PBXProject section */

/* Begin PBXReferenceProxy section */
		03EA868D1A3B71FA0025D3C7 /* Alamofire.framework */ = {
			isa = PBXReferenceProxy;
			fileType = wrapper.framework;
			path = Alamofire.framework;
			remoteRef = 03EA868C1A3B71FA0025D3C7 /* PBXContainerItemProxy */;
			sourceTree = BUILT_PRODUCTS_DIR;
		};
		03EA868F1A3B71FA0025D3C7 /* AlamofireTests.xctest */ = {
			isa = PBXReferenceProxy;
			fileType = wrapper.cfbundle;
			path = AlamofireTests.xctest;
			remoteRef = 03EA868E1A3B71FA0025D3C7 /* PBXContainerItemProxy */;
			sourceTree = BUILT_PRODUCTS_DIR;
		};
/* End PBXReferenceProxy section */

/* Begin PBXResourcesBuildPhase section */
		03DA58761A38BDCB00FDC046 /* Resources */ = {
			isa = PBXResourcesBuildPhase;
			buildActionMask = 2147483647;
			files = (
				03DA58831A38BDCB00FDC046 /* Main.storyboard in Resources */,
				03DA58881A38BDCB00FDC046 /* LaunchScreen.xib in Resources */,
				03DA58851A38BDCB00FDC046 /* Images.xcassets in Resources */,
			);
			runOnlyForDeploymentPostprocessing = 0;
		};
		03DA588B1A38BDCB00FDC046 /* Resources */ = {
			isa = PBXResourcesBuildPhase;
			buildActionMask = 2147483647;
			files = (
			);
			runOnlyForDeploymentPostprocessing = 0;
		};
/* End PBXResourcesBuildPhase section */

/* Begin PBXSourcesBuildPhase section */
		03DA58741A38BDCB00FDC046 /* Sources */ = {
			isa = PBXSourcesBuildPhase;
			buildActionMask = 2147483647;
			files = (
				03DA58801A38BDCB00FDC046 /* ViewController.swift in Sources */,
				03DA589E1A38BFAE00FDC046 /* ViewModel.swift in Sources */,
				03DA587E1A38BDCB00FDC046 /* AppDelegate.swift in Sources */,
				03DA58A11A38C0E000FDC046 /* MoviesClient.swift in Sources */,
				03EA86991A3B82EE0025D3C7 /* Movie.swift in Sources */,
				031377D71A435B5F00041A17 /* UIImageView+Async.swift in Sources */,
			);
			runOnlyForDeploymentPostprocessing = 0;
		};
		03DA58891A38BDCB00FDC046 /* Sources */ = {
			isa = PBXSourcesBuildPhase;
			buildActionMask = 2147483647;
			files = (
				03DA589F1A38BFAE00FDC046 /* ViewModel.swift in Sources */,
				03DA58941A38BDCB00FDC046 /* TopMoviesTests.swift in Sources */,
				03EA869A1A3B82EE0025D3C7 /* Movie.swift in Sources */,
				031377D81A435CA400041A17 /* UIImageView+Async.swift in Sources */,
				03DA58A21A38C0E000FDC046 /* MoviesClient.swift in Sources */,
			);
			runOnlyForDeploymentPostprocessing = 0;
		};
/* End PBXSourcesBuildPhase section */

/* Begin PBXTargetDependency section */
		03DA588F1A38BDCB00FDC046 /* PBXTargetDependency */ = {
			isa = PBXTargetDependency;
			target = 03DA58771A38BDCB00FDC046 /* TopMovies */;
			targetProxy = 03DA588E1A38BDCB00FDC046 /* PBXContainerItemProxy */;
		};
		03EA86911A3B72690025D3C7 /* PBXTargetDependency */ = {
			isa = PBXTargetDependency;
			name = Alamofire;
			targetProxy = 03EA86901A3B72690025D3C7 /* PBXContainerItemProxy */;
		};
/* End PBXTargetDependency section */

/* Begin PBXVariantGroup section */
		03DA58811A38BDCB00FDC046 /* Main.storyboard */ = {
			isa = PBXVariantGroup;
			children = (
				03DA58821A38BDCB00FDC046 /* Base */,
			);
			name = Main.storyboard;
			sourceTree = "<group>";
		};
		03DA58861A38BDCB00FDC046 /* LaunchScreen.xib */ = {
			isa = PBXVariantGroup;
			children = (
				03DA58871A38BDCB00FDC046 /* Base */,
			);
			name = LaunchScreen.xib;
			sourceTree = "<group>";
		};
/* End PBXVariantGroup section */

/* Begin XCBuildConfiguration section */
		03DA58951A38BDCB00FDC046 /* Debug */ = {
			isa = XCBuildConfiguration;
			buildSettings = {
				ALWAYS_SEARCH_USER_PATHS = NO;
				CLANG_CXX_LANGUAGE_STANDARD = "gnu++0x";
				CLANG_CXX_LIBRARY = "libc++";
				CLANG_ENABLE_MODULES = YES;
				CLANG_ENABLE_OBJC_ARC = YES;
				CLANG_WARN_BOOL_CONVERSION = YES;
				CLANG_WARN_CONSTANT_CONVERSION = YES;
				CLANG_WARN_DIRECT_OBJC_ISA_USAGE = YES_ERROR;
				CLANG_WARN_EMPTY_BODY = YES;
				CLANG_WARN_ENUM_CONVERSION = YES;
				CLANG_WARN_INT_CONVERSION = YES;
				CLANG_WARN_OBJC_ROOT_CLASS = YES_ERROR;
				CLANG_WARN_UNREACHABLE_CODE = YES;
				CLANG_WARN__DUPLICATE_METHOD_MATCH = YES;
				"CODE_SIGN_IDENTITY[sdk=iphoneos*]" = "iPhone Developer";
				COPY_PHASE_STRIP = NO;
				ENABLE_STRICT_OBJC_MSGSEND = YES;
				GCC_C_LANGUAGE_STANDARD = gnu99;
				GCC_DYNAMIC_NO_PIC = NO;
				GCC_OPTIMIZATION_LEVEL = 0;
				GCC_PREPROCESSOR_DEFINITIONS = (
					"DEBUG=1",
					"$(inherited)",
				);
				GCC_SYMBOLS_PRIVATE_EXTERN = NO;
				GCC_WARN_64_TO_32_BIT_CONVERSION = YES;
				GCC_WARN_ABOUT_RETURN_TYPE = YES_ERROR;
				GCC_WARN_UNDECLARED_SELECTOR = YES;
				GCC_WARN_UNINITIALIZED_AUTOS = YES_AGGRESSIVE;
				GCC_WARN_UNUSED_FUNCTION = YES;
				GCC_WARN_UNUSED_VARIABLE = YES;
				IPHONEOS_DEPLOYMENT_TARGET = 8.1;
				MTL_ENABLE_DEBUG_INFO = YES;
				ONLY_ACTIVE_ARCH = YES;
				SDKROOT = iphoneos;
				SWIFT_OPTIMIZATION_LEVEL = "-Onone";
			};
			name = Debug;
		};
		03DA58961A38BDCB00FDC046 /* Release */ = {
			isa = XCBuildConfiguration;
			buildSettings = {
				ALWAYS_SEARCH_USER_PATHS = NO;
				CLANG_CXX_LANGUAGE_STANDARD = "gnu++0x";
				CLANG_CXX_LIBRARY = "libc++";
				CLANG_ENABLE_MODULES = YES;
				CLANG_ENABLE_OBJC_ARC = YES;
				CLANG_WARN_BOOL_CONVERSION = YES;
				CLANG_WARN_CONSTANT_CONVERSION = YES;
				CLANG_WARN_DIRECT_OBJC_ISA_USAGE = YES_ERROR;
				CLANG_WARN_EMPTY_BODY = YES;
				CLANG_WARN_ENUM_CONVERSION = YES;
				CLANG_WARN_INT_CONVERSION = YES;
				CLANG_WARN_OBJC_ROOT_CLASS = YES_ERROR;
				CLANG_WARN_UNREACHABLE_CODE = YES;
				CLANG_WARN__DUPLICATE_METHOD_MATCH = YES;
				"CODE_SIGN_IDENTITY[sdk=iphoneos*]" = "iPhone Developer";
				COPY_PHASE_STRIP = YES;
				ENABLE_NS_ASSERTIONS = NO;
				ENABLE_STRICT_OBJC_MSGSEND = YES;
				GCC_C_LANGUAGE_STANDARD = gnu99;
				GCC_WARN_64_TO_32_BIT_CONVERSION = YES;
				GCC_WARN_ABOUT_RETURN_TYPE = YES_ERROR;
				GCC_WARN_UNDECLARED_SELECTOR = YES;
				GCC_WARN_UNINITIALIZED_AUTOS = YES_AGGRESSIVE;
				GCC_WARN_UNUSED_FUNCTION = YES;
				GCC_WARN_UNUSED_VARIABLE = YES;
				IPHONEOS_DEPLOYMENT_TARGET = 8.1;
				MTL_ENABLE_DEBUG_INFO = NO;
				SDKROOT = iphoneos;
				VALIDATE_PRODUCT = YES;
			};
			name = Release;
		};
		03DA58981A38BDCB00FDC046 /* Debug */ = {
			isa = XCBuildConfiguration;
			buildSettings = {
				ASSETCATALOG_COMPILER_APPICON_NAME = AppIcon;
				INFOPLIST_FILE = TopMovies/Info.plist;
				LD_RUNPATH_SEARCH_PATHS = "$(inherited) @executable_path/Frameworks";
				PRODUCT_NAME = "$(TARGET_NAME)";
			};
			name = Debug;
		};
		03DA58991A38BDCB00FDC046 /* Release */ = {
			isa = XCBuildConfiguration;
			buildSettings = {
				ASSETCATALOG_COMPILER_APPICON_NAME = AppIcon;
				INFOPLIST_FILE = TopMovies/Info.plist;
				LD_RUNPATH_SEARCH_PATHS = "$(inherited) @executable_path/Frameworks";
				PRODUCT_NAME = "$(TARGET_NAME)";
			};
			name = Release;
		};
		03DA589B1A38BDCB00FDC046 /* Debug */ = {
			isa = XCBuildConfiguration;
			buildSettings = {
				BUNDLE_LOADER = "$(TEST_HOST)";
				FRAMEWORK_SEARCH_PATHS = (
					"$(SDKROOT)/Developer/Library/Frameworks",
					"$(inherited)",
				);
				GCC_PREPROCESSOR_DEFINITIONS = (
					"DEBUG=1",
					"$(inherited)",
				);
				INFOPLIST_FILE = TopMoviesTests/Info.plist;
				LD_RUNPATH_SEARCH_PATHS = "$(inherited) @executable_path/Frameworks @loader_path/Frameworks";
				PRODUCT_NAME = "$(TARGET_NAME)";
				TEST_HOST = "$(BUILT_PRODUCTS_DIR)/TopMovies.app/TopMovies";
			};
			name = Debug;
		};
		03DA589C1A38BDCB00FDC046 /* Release */ = {
			isa = XCBuildConfiguration;
			buildSettings = {
				BUNDLE_LOADER = "$(TEST_HOST)";
				FRAMEWORK_SEARCH_PATHS = (
					"$(SDKROOT)/Developer/Library/Frameworks",
					"$(inherited)",
				);
				INFOPLIST_FILE = TopMoviesTests/Info.plist;
				LD_RUNPATH_SEARCH_PATHS = "$(inherited) @executable_path/Frameworks @loader_path/Frameworks";
				PRODUCT_NAME = "$(TARGET_NAME)";
				TEST_HOST = "$(BUILT_PRODUCTS_DIR)/TopMovies.app/TopMovies";
			};
			name = Release;
		};
/* End XCBuildConfiguration section */

/* Begin XCConfigurationList section */
		03DA58731A38BDCB00FDC046 /* Build configuration list for PBXProject "TopMovies" */ = {
			isa = XCConfigurationList;
			buildConfigurations = (
				03DA58951A38BDCB00FDC046 /* Debug */,
				03DA58961A38BDCB00FDC046 /* Release */,
			);
			defaultConfigurationIsVisible = 0;
			defaultConfigurationName = Release;
		};
		03DA58971A38BDCB00FDC046 /* Build configuration list for PBXNativeTarget "TopMovies" */ = {
			isa = XCConfigurationList;
			buildConfigurations = (
				03DA58981A38BDCB00FDC046 /* Debug */,
				03DA58991A38BDCB00FDC046 /* Release */,
			);
			defaultConfigurationIsVisible = 0;
			defaultConfigurationName = Release;
		};
		03DA589A1A38BDCB00FDC046 /* Build configuration list for PBXNativeTarget "TopMoviesTests" */ = {
			isa = XCConfigurationList;
			buildConfigurations = (
				03DA589B1A38BDCB00FDC046 /* Debug */,
				03DA589C1A38BDCB00FDC046 /* Release */,
			);
			defaultConfigurationIsVisible = 0;
			defaultConfigurationName = Release;
		};
/* End XCConfigurationList section */
	};
	rootObject = 03DA58701A38BDCB00FDC046 /* Project object */;
}
